
Microsoft Visual Studio Solution File, Format Version 12.00
# Visual Studio Version 17
VisualStudioVersion = 17.2.32505.173
MinimumVisualStudioVersion = 10.0.40219.1
Project("{9A19103F-16F7-4668-BE54-9A1E7A4F7556}") = "Contact.API", "src\services\Contact\Contact.API\Contact.API.csproj", "{31B36AB9-F3D3-4F72-9E41-F75955281986}"
EndProject
Project("{2150E333-8FDC-42A3-9474-1A3956D46DE8}") = "src", "src", "{BBCF8B7D-B5CE-44C5-A9D2-624C4241D646}"
	ProjectSection(SolutionItems) = preProject
		src\docker-compose.yml = src\docker-compose.yml
	EndProjectSection
EndProject
Project("{2150E333-8FDC-42A3-9474-1A3956D46DE8}") = "services", "services", "{50C47841-F6DD-40F0-8110-0057F0577C52}"
EndProject
Project("{2150E333-8FDC-42A3-9474-1A3956D46DE8}") = "Contact", "Contact", "{9D9D7800-17F9-4294-B9DB-B4FA5F14AFC2}"
EndProject
Project("{2150E333-8FDC-42A3-9474-1A3956D46DE8}") = "lib", "lib", "{72B32974-113B-42F1-8A15-7C1CDEC38AAA}"
EndProject
Project("{9A19103F-16F7-4668-BE54-9A1E7A4F7556}") = "DataAccess", "lib\DataAccess\DataAccess.csproj", "{A9107331-5164-4A7B-AACD-6D94CAE61EDD}"
EndProject
Project("{9A19103F-16F7-4668-BE54-9A1E7A4F7556}") = "Core", "lib\Core\Core.csproj", "{47D1AF6B-5E19-46B2-9A64-8A7A3378FF01}"
EndProject
Project("{9A19103F-16F7-4668-BE54-9A1E7A4F7556}") = "Contact.Service", "src\services\Contact\Contact.Service\Contact.Service.csproj", "{9CB0E002-7DF2-4D67-A59B-8F1FF63EDDC7}"
EndProject
Project("{9A19103F-16F7-4668-BE54-9A1E7A4F7556}") = "Contact.Models", "src\services\Contact\Contact.Models\Contact.Models.csproj", "{4F1100A1-ACEA-4AEB-9FF1-56AB04740AFB}"
EndProject
Project("{2150E333-8FDC-42A3-9474-1A3956D46DE8}") = "db", "db", "{FE98E184-CECD-4D2A-ADAD-19BD2EA3E7F5}"
	ProjectSection(SolutionItems) = preProject
		src\db\init.sql = src\db\init.sql
	EndProjectSection
EndProject
Project("{2150E333-8FDC-42A3-9474-1A3956D46DE8}") = "test", "test", "{885C3DB8-AF42-4168-82DD-37139B38D0DA}"
EndProject
Project("{FAE04EC0-301F-11D3-BF4B-00C04F79EFBC}") = "Test.ContactService", "test\Test.ContactService\Test.ContactService.csproj", "{9DC12671-204F-425A-9609-2AA3B80FE3CD}"
EndProject
Global
	GlobalSection(SolutionConfigurationPlatforms) = preSolution
		Debug|Any CPU = Debug|Any CPU
		Release|Any CPU = Release|Any CPU
	EndGlobalSection
	GlobalSection(ProjectConfigurationPlatforms) = postSolution
		{31B36AB9-F3D3-4F72-9E41-F75955281986}.Debug|Any CPU.ActiveCfg = Debug|Any CPU
		{31B36AB9-F3D3-4F72-9E41-F75955281986}.Debug|Any CPU.Build.0 = Debug|Any CPU
		{31B36AB9-F3D3-4F72-9E41-F75955281986}.Release|Any CPU.ActiveCfg = Release|Any CPU
		{31B36AB9-F3D3-4F72-9E41-F75955281986}.Release|Any CPU.Build.0 = Release|Any CPU
		{A9107331-5164-4A7B-AACD-6D94CAE61EDD}.Debug|Any CPU.ActiveCfg = Debug|Any CPU
		{A9107331-5164-4A7B-AACD-6D94CAE61EDD}.Debug|Any CPU.Build.0 = Debug|Any CPU
		{A9107331-5164-4A7B-AACD-6D94CAE61EDD}.Release|Any CPU.ActiveCfg = Release|Any CPU
		{A9107331-5164-4A7B-AACD-6D94CAE61EDD}.Release|Any CPU.Build.0 = Release|Any CPU
		{47D1AF6B-5E19-46B2-9A64-8A7A3378FF01}.Debug|Any CPU.ActiveCfg = Debug|Any CPU
		{47D1AF6B-5E19-46B2-9A64-8A7A3378FF01}.Debug|Any CPU.Build.0 = Debug|Any CPU
		{47D1AF6B-5E19-46B2-9A64-8A7A3378FF01}.Release|Any CPU.ActiveCfg = Release|Any CPU
		{47D1AF6B-5E19-46B2-9A64-8A7A3378FF01}.Release|Any CPU.Build.0 = Release|Any CPU
		{9CB0E002-7DF2-4D67-A59B-8F1FF63EDDC7}.Debug|Any CPU.ActiveCfg = Debug|Any CPU
		{9CB0E002-7DF2-4D67-A59B-8F1FF63EDDC7}.Debug|Any CPU.Build.0 = Debug|Any CPU
		{9CB0E002-7DF2-4D67-A59B-8F1FF63EDDC7}.Release|Any CPU.ActiveCfg = Release|Any CPU
		{9CB0E002-7DF2-4D67-A59B-8F1FF63EDDC7}.Release|Any CPU.Build.0 = Release|Any CPU
		{4F1100A1-ACEA-4AEB-9FF1-56AB04740AFB}.Debug|Any CPU.ActiveCfg = Debug|Any CPU
		{4F1100A1-ACEA-4AEB-9FF1-56AB04740AFB}.Debug|Any CPU.Build.0 = Debug|Any CPU
		{4F1100A1-ACEA-4AEB-9FF1-56AB04740AFB}.Release|Any CPU.ActiveCfg = Release|Any CPU
		{4F1100A1-ACEA-4AEB-9FF1-56AB04740AFB}.Release|Any CPU.Build.0 = Release|Any CPU
		{9DC12671-204F-425A-9609-2AA3B80FE3CD}.Debug|Any CPU.ActiveCfg = Debug|Any CPU
		{9DC12671-204F-425A-9609-2AA3B80FE3CD}.Debug|Any CPU.Build.0 = Debug|Any CPU
		{9DC12671-204F-425A-9609-2AA3B80FE3CD}.Release|Any CPU.ActiveCfg = Release|Any CPU
		{9DC12671-204F-425A-9609-2AA3B80FE3CD}.Release|Any CPU.Build.0 = Release|Any CPU
	EndGlobalSection
	GlobalSection(SolutionProperties) = preSolution
		HideSolutionNode = FALSE
	EndGlobalSection
	GlobalSection(NestedProjects) = preSolution
		{31B36AB9-F3D3-4F72-9E41-F75955281986} = {9D9D7800-17F9-4294-B9DB-B4FA5F14AFC2}
		{50C47841-F6DD-40F0-8110-0057F0577C52} = {BBCF8B7D-B5CE-44C5-A9D2-624C4241D646}
		{9D9D7800-17F9-4294-B9DB-B4FA5F14AFC2} = {50C47841-F6DD-40F0-8110-0057F0577C52}
		{A9107331-5164-4A7B-AACD-6D94CAE61EDD} = {72B32974-113B-42F1-8A15-7C1CDEC38AAA}
		{47D1AF6B-5E19-46B2-9A64-8A7A3378FF01} = {72B32974-113B-42F1-8A15-7C1CDEC38AAA}
		{9CB0E002-7DF2-4D67-A59B-8F1FF63EDDC7} = {9D9D7800-17F9-4294-B9DB-B4FA5F14AFC2}
		{4F1100A1-ACEA-4AEB-9FF1-56AB04740AFB} = {9D9D7800-17F9-4294-B9DB-B4FA5F14AFC2}
		{FE98E184-CECD-4D2A-ADAD-19BD2EA3E7F5} = {BBCF8B7D-B5CE-44C5-A9D2-624C4241D646}
		{9DC12671-204F-425A-9609-2AA3B80FE3CD} = {885C3DB8-AF42-4168-82DD-37139B38D0DA}
	EndGlobalSection
	GlobalSection(ExtensibilityGlobals) = postSolution
		SolutionGuid = {284E6B85-DCD9-4736-AD14-1B3C21FAAA14}
	EndGlobalSection
EndGlobal
